// !$*UTF8*$!
{
	archiveVersion = 1;
	classes = {
	};
	objectVersion = 50;
	objects = {

/* Begin PBXBuildFile section */
		D45D54C326E921B4007E46B2 /* AppDelegate.swift in Sources */ = {isa = PBXBuildFile; fileRef = D45D54C226E921B4007E46B2 /* AppDelegate.swift */; };
		D45D54C526E921B4007E46B2 /* SceneDelegate.swift in Sources */ = {isa = PBXBuildFile; fileRef = D45D54C426E921B4007E46B2 /* SceneDelegate.swift */; };
		D45D54C726E921B4007E46B2 /* ViewController.swift in Sources */ = {isa = PBXBuildFile; fileRef = D45D54C626E921B4007E46B2 /* ViewController.swift */; };
		D45D54CA26E921B4007E46B2 /* Main.storyboard in Resources */ = {isa = PBXBuildFile; fileRef = D45D54C826E921B4007E46B2 /* Main.storyboard */; };
		D45D54CC26E921D3007E46B2 /* Assets.xcassets in Resources */ = {isa = PBXBuildFile; fileRef = D45D54CB26E921D3007E46B2 /* Assets.xcassets */; };
		D45D54CF26E921D3007E46B2 /* LaunchScreen.storyboard in Resources */ = {isa = PBXBuildFile; fileRef = D45D54CD26E921D3007E46B2 /* LaunchScreen.storyboard */; };
		D45D54DA26E921D6007E46B2 /* flixsterTests.swift in Sources */ = {isa = PBXBuildFile; fileRef = D45D54D926E921D6007E46B2 /* flixsterTests.swift */; };
		D45D54E526E921D6007E46B2 /* flixsterUITests.swift in Sources */ = {isa = PBXBuildFile; fileRef = D45D54E426E921D6007E46B2 /* flixsterUITests.swift */; };
/* End PBXBuildFile section */

/* Begin PBXContainerItemProxy section */
		D45D54D626E921D6007E46B2 /* PBXContainerItemProxy */ = {
			isa = PBXContainerItemProxy;
			containerPortal = D45D54B726E921B3007E46B2 /* Project object */;
			proxyType = 1;
			remoteGlobalIDString = D45D54BE26E921B4007E46B2;
			remoteInfo = flixster;
		};
		D45D54E126E921D6007E46B2 /* PBXContainerItemProxy */ = {
			isa = PBXContainerItemProxy;
			containerPortal = D45D54B726E921B3007E46B2 /* Project object */;
			proxyType = 1;
			remoteGlobalIDString = D45D54BE26E921B4007E46B2;
			remoteInfo = flixster;
		};
/* End PBXContainerItemProxy section */

/* Begin PBXFileReference section */
		D45D54BF26E921B4007E46B2 /* flixster.app */ = {isa = PBXFileReference; explicitFileType = wrapper.application; includeInIndex = 0; path = flixster.app; sourceTree = BUILT_PRODUCTS_DIR; };
		D45D54C226E921B4007E46B2 /* AppDelegate.swift */ = {isa = PBXFileReference; lastKnownFileType = sourcecode.swift; path = AppDelegate.swift; sourceTree = "<group>"; };
		D45D54C426E921B4007E46B2 /* SceneDelegate.swift */ = {isa = PBXFileReference; lastKnownFileType = sourcecode.swift; path = SceneDelegate.swift; sourceTree = "<group>"; };
		D45D54C626E921B4007E46B2 /* ViewController.swift */ = {isa = PBXFileReference; lastKnownFileType = sourcecode.swift; path = ViewController.swift; sourceTree = "<group>"; };
		D45D54C926E921B4007E46B2 /* Base */ = {isa = PBXFileReference; lastKnownFileType = file.storyboard; name = Base; path = Base.lproj/Main.storyboard; sourceTree = "<group>"; };
		D45D54CB26E921D3007E46B2 /* Assets.xcassets */ = {isa = PBXFileReference; lastKnownFileType = folder.assetcatalog; path = Assets.xcassets; sourceTree = "<group>"; };
		D45D54CE26E921D3007E46B2 /* Base */ = {isa = PBXFileReference; lastKnownFileType = file.storyboard; name = Base; path = Base.lproj/LaunchScreen.storyboard; sourceTree = "<group>"; };
		D45D54D026E921D3007E46B2 /* Info.plist */ = {isa = PBXFileReference; lastKnownFileType = text.plist.xml; path = Info.plist; sourceTree = "<group>"; };
		D45D54D526E921D6007E46B2 /* flixsterTests.xctest */ = {isa = PBXFileReference; explicitFileType = wrapper.cfbundle; includeInIndex = 0; path = flixsterTests.xctest; sourceTree = BUILT_PRODUCTS_DIR; };
		D45D54D926E921D6007E46B2 /* flixsterTests.swift */ = {isa = PBXFileReference; lastKnownFileType = sourcecode.swift; path = flixsterTests.swift; sourceTree = "<group>"; };
		D45D54DB26E921D6007E46B2 /* Info.plist */ = {isa = PBXFileReference; lastKnownFileType = text.plist.xml; path = Info.plist; sourceTree = "<group>"; };
		D45D54E026E921D6007E46B2 /* flixsterUITests.xctest */ = {isa = PBXFileReference; explicitFileType = wrapper.cfbundle; includeInIndex = 0; path = flixsterUITests.xctest; sourceTree = BUILT_PRODUCTS_DIR; };
		D45D54E426E921D6007E46B2 /* flixsterUITests.swift */ = {isa = PBXFileReference; lastKnownFileType = sourcecode.swift; path = flixsterUITests.swift; sourceTree = "<group>"; };
		D45D54E626E921D6007E46B2 /* Info.plist */ = {isa = PBXFileReference; lastKnownFileType = text.plist.xml; path = Info.plist; sourceTree = "<group>"; };
/* End PBXFileReference section */

/* Begin PBXFrameworksBuildPhase section */
		D45D54BC26E921B4007E46B2 /* Frameworks */ = {
			isa = PBXFrameworksBuildPhase;
			buildActionMask = 2147483647;
			files = (
			);
			runOnlyForDeploymentPostprocessing = 0;
		};
		D45D54D226E921D6007E46B2 /* Frameworks */ = {
			isa = PBXFrameworksBuildPhase;
			buildActionMask = 2147483647;
			files = (
			);
			runOnlyForDeploymentPostprocessing = 0;
		};
		D45D54DD26E921D6007E46B2 /* Frameworks */ = {
			isa = PBXFrameworksBuildPhase;
			buildActionMask = 2147483647;
			files = (
			);
			runOnlyForDeploymentPostprocessing = 0;
		};
/* End PBXFrameworksBuildPhase section */

/* Begin PBXGroup section */
		D45D54B626E921B3007E46B2 = {
			isa = PBXGroup;
			children = (
				D45D54C126E921B4007E46B2 /* flixster */,
				D45D54D826E921D6007E46B2 /* flixsterTests */,
				D45D54E326E921D6007E46B2 /* flixsterUITests */,
				D45D54C026E921B4007E46B2 /* Products */,
			);
			sourceTree = "<group>";
		};
		D45D54C026E921B4007E46B2 /* Products */ = {
			isa = PBXGroup;
			children = (
				D45D54BF26E921B4007E46B2 /* flixster.app */,
				D45D54D526E921D6007E46B2 /* flixsterTests.xctest */,
				D45D54E026E921D6007E46B2 /* flixsterUITests.xctest */,
			);
			name = Products;
			sourceTree = "<group>";
		};
		D45D54C126E921B4007E46B2 /* flixster */ = {
			isa = PBXGroup;
			children = (
				D45D54C226E921B4007E46B2 /* AppDelegate.swift */,
				D45D54C426E921B4007E46B2 /* SceneDelegate.swift */,
				D45D54C626E921B4007E46B2 /* ViewController.swift */,
				D45D54C826E921B4007E46B2 /* Main.storyboard */,
				D45D54CB26E921D3007E46B2 /* Assets.xcassets */,
				D45D54CD26E921D3007E46B2 /* LaunchScreen.storyboard */,
				D45D54D026E921D3007E46B2 /* Info.plist */,
			);
			path = flixster;
			sourceTree = "<group>";
		};
		D45D54D826E921D6007E46B2 /* flixsterTests */ = {
			isa = PBXGroup;
			children = (
				D45D54D926E921D6007E46B2 /* flixsterTests.swift */,
				D45D54DB26E921D6007E46B2 /* Info.plist */,
			);
			path = flixsterTests;
			sourceTree = "<group>";
		};
		D45D54E326E921D6007E46B2 /* flixsterUITests */ = {
			isa = PBXGroup;
			children = (
				D45D54E426E921D6007E46B2 /* flixsterUITests.swift */,
				D45D54E626E921D6007E46B2 /* Info.plist */,
			);
			path = flixsterUITests;
			sourceTree = "<group>";
		};
/* End PBXGroup section */

/* Begin PBXNativeTarget section */
		D45D54BE26E921B4007E46B2 /* flixster */ = {
			isa = PBXNativeTarget;
			buildConfigurationList = D45D54E926E921D6007E46B2 /* Build configuration list for PBXNativeTarget "flixster" */;
			buildPhases = (
				D45D54BB26E921B4007E46B2 /* Sources */,
				D45D54BC26E921B4007E46B2 /* Frameworks */,
				D45D54BD26E921B4007E46B2 /* Resources */,
			);
			buildRules = (
			);
			dependencies = (
			);
			name = flixster;
			productName = flixster;
			productReference = D45D54BF26E921B4007E46B2 /* flixster.app */;
			productType = "com.apple.product-type.application";
		};
		D45D54D426E921D6007E46B2 /* flixsterTests */ = {
			isa = PBXNativeTarget;
			buildConfigurationList = D45D54EC26E921D6007E46B2 /* Build configuration list for PBXNativeTarget "flixsterTests" */;
			buildPhases = (
				D45D54D126E921D6007E46B2 /* Sources */,
				D45D54D226E921D6007E46B2 /* Frameworks */,
				D45D54D326E921D6007E46B2 /* Resources */,
			);
			buildRules = (
			);
			dependencies = (
				D45D54D726E921D6007E46B2 /* PBXTargetDependency */,
			);
			name = flixsterTests;
			productName = flixsterTests;
			productReference = D45D54D526E921D6007E46B2 /* flixsterTests.xctest */;
			productType = "com.apple.product-type.bundle.unit-test";
		};
		D45D54DF26E921D6007E46B2 /* flixsterUITests */ = {
			isa = PBXNativeTarget;
			buildConfigurationList = D45D54EF26E921D6007E46B2 /* Build configuration list for PBXNativeTarget "flixsterUITests" */;
			buildPhases = (
				D45D54DC26E921D6007E46B2 /* Sources */,
				D45D54DD26E921D6007E46B2 /* Frameworks */,
				D45D54DE26E921D6007E46B2 /* Resources */,
			);
			buildRules = (
			);
			dependencies = (
				D45D54E226E921D6007E46B2 /* PBXTargetDependency */,
			);
			name = flixsterUITests;
			productName = flixsterUITests;
			productReference = D45D54E026E921D6007E46B2 /* flixsterUITests.xctest */;
			productType = "com.apple.product-type.bundle.ui-testing";
		};
/* End PBXNativeTarget section */

/* Begin PBXProject section */
		D45D54B726E921B3007E46B2 /* Project object */ = {
			isa = PBXProject;
			attributes = {
				LastSwiftUpdateCheck = 1250;
				LastUpgradeCheck = 1250;
				TargetAttributes = {
					D45D54BE26E921B4007E46B2 = {
						CreatedOnToolsVersion = 12.5.1;
					};
					D45D54D426E921D6007E46B2 = {
						CreatedOnToolsVersion = 12.5.1;
						TestTargetID = D45D54BE26E921B4007E46B2;
					};
					D45D54DF26E921D6007E46B2 = {
						CreatedOnToolsVersion = 12.5.1;
						TestTargetID = D45D54BE26E921B4007E46B2;
					};
				};
			};
			buildConfigurationList = D45D54BA26E921B3007E46B2 /* Build configuration list for PBXProject "flixster" */;
			compatibilityVersion = "Xcode 9.3";
			developmentRegion = en;
			hasScannedForEncodings = 0;
			knownRegions = (
				en,
				Base,
			);
			mainGroup = D45D54B626E921B3007E46B2;
			productRefGroup = D45D54C026E921B4007E46B2 /* Products */;
			projectDirPath = "";
			projectRoot = "";
			targets = (
				D45D54BE26E921B4007E46B2 /* flixster */,
				D45D54D426E921D6007E46B2 /* flixsterTests */,
				D45D54DF26E921D6007E46B2 /* flixsterUITests */,
			);
		};
/* End PBXProject section */

/* Begin PBXResourcesBuildPhase section */
		D45D54BD26E921B4007E46B2 /* Resources */ = {
			isa = PBXResourcesBuildPhase;
			buildActionMask = 2147483647;
			files = (
				D45D54CF26E921D3007E46B2 /* LaunchScreen.storyboard in Resources */,
				D45D54CC26E921D3007E46B2 /* Assets.xcassets in Resources */,
				D45D54CA26E921B4007E46B2 /* Main.storyboard in Resources */,
			);
			runOnlyForDeploymentPostprocessing = 0;
		};
		D45D54D326E921D6007E46B2 /* Resources */ = {
			isa = PBXResourcesBuildPhase;
			buildActionMask = 2147483647;
			files = (
			);
			runOnlyForDeploymentPostprocessing = 0;
		};
		D45D54DE26E921D6007E46B2 /* Resources */ = {
			isa = PBXResourcesBuildPhase;
			buildActionMask = 2147483647;
			files = (
			);
			runOnlyForDeploymentPostprocessing = 0;
		};
/* End PBXResourcesBuildPhase section */

/* Begin PBXSourcesBuildPhase section */
		D45D54BB26E921B4007E46B2 /* Sources */ = {
			isa = PBXSourcesBuildPhase;
			buildActionMask = 2147483647;
			files = (
				D45D54C726E921B4007E46B2 /* ViewController.swift in Sources */,
				D45D54C326E921B4007E46B2 /* AppDelegate.swift in Sources */,
				D45D54C526E921B4007E46B2 /* SceneDelegate.swift in Sources */,
			);
			runOnlyForDeploymentPostprocessing = 0;
		};
		D45D54D126E921D6007E46B2 /* Sources */ = {
			isa = PBXSourcesBuildPhase;
			buildActionMask = 2147483647;
			files = (
				D45D54DA26E921D6007E46B2 /* flixsterTests.swift in Sources */,
			);
			runOnlyForDeploymentPostprocessing = 0;
		};
		D45D54DC26E921D6007E46B2 /* Sources */ = {
			isa = PBXSourcesBuildPhase;
			buildActionMask = 2147483647;
			files = (
				D45D54E526E921D6007E46B2 /* flixsterUITests.swift in Sources */,
			);
			runOnlyForDeploymentPostprocessing = 0;
		};
/* End PBXSourcesBuildPhase section */

/* Begin PBXTargetDependency section */
		D45D54D726E921D6007E46B2 /* PBXTargetDependency */ = {
			isa = PBXTargetDependency;
			target = D45D54BE26E921B4007E46B2 /* flixster */;
			targetProxy = D45D54D626E921D6007E46B2 /* PBXContainerItemProxy */;
		};
		D45D54E226E921D6007E46B2 /* PBXTargetDependency */ = {
			isa = PBXTargetDependency;
			target = D45D54BE26E921B4007E46B2 /* flixster */;
			targetProxy = D45D54E126E921D6007E46B2 /* PBXContainerItemProxy */;
		};
/* End PBXTargetDependency section */

/* Begin PBXVariantGroup section */
		D45D54C826E921B4007E46B2 /* Main.storyboard */ = {
			isa = PBXVariantGroup;
			children = (
				D45D54C926E921B4007E46B2 /* Base */,
			);
			name = Main.storyboard;
			sourceTree = "<group>";
		};
		D45D54CD26E921D3007E46B2 /* LaunchScreen.storyboard */ = {
			isa = PBXVariantGroup;
			children = (
				D45D54CE26E921D3007E46B2 /* Base */,
			);
			name = LaunchScreen.storyboard;
			sourceTree = "<group>";
		};
/* End PBXVariantGroup section */

/* Begin XCBuildConfiguration section */
		D45D54E726E921D6007E46B2 /* Debug */ = {
			isa = XCBuildConfiguration;
			buildSettings = {
				ALWAYS_SEARCH_USER_PATHS = NO;
				CLANG_ANALYZER_NONNULL = YES;
				CLANG_ANALYZER_NUMBER_OBJECT_CONVERSION = YES_AGGRESSIVE;
				CLANG_CXX_LANGUAGE_STANDARD = "gnu++14";
				CLANG_CXX_LIBRARY = "libc++";
				CLANG_ENABLE_MODULES = YES;
				CLANG_ENABLE_OBJC_ARC = YES;
				CLANG_ENABLE_OBJC_WEAK = YES;
				CLANG_WARN_BLOCK_CAPTURE_AUTORELEASING = YES;
				CLANG_WARN_BOOL_CONVERSION = YES;
				CLANG_WARN_COMMA = YES;
				CLANG_WARN_CONSTANT_CONVERSION = YES;
				CLANG_WARN_DEPRECATED_OBJC_IMPLEMENTATIONS = YES;
				CLANG_WARN_DIRECT_OBJC_ISA_USAGE = YES_ERROR;
				CLANG_WARN_DOCUMENTATION_COMMENTS = YES;
				CLANG_WARN_EMPTY_BODY = YES;
				CLANG_WARN_ENUM_CONVERSION = YES;
				CLANG_WARN_INFINITE_RECURSION = YES;
				CLANG_WARN_INT_CONVERSION = YES;
				CLANG_WARN_NON_LITERAL_NULL_CONVERSION = YES;
				CLANG_WARN_OBJC_IMPLICIT_RETAIN_SELF = YES;
				CLANG_WARN_OBJC_LITERAL_CONVERSION = YES;
				CLANG_WARN_OBJC_ROOT_CLASS = YES_ERROR;
				CLANG_WARN_QUOTED_INCLUDE_IN_FRAMEWORK_HEADER = YES;
				CLANG_WARN_RANGE_LOOP_ANALYSIS = YES;
				CLANG_WARN_STRICT_PROTOTYPES = YES;
				CLANG_WARN_SUSPICIOUS_MOVE = YES;
				CLANG_WARN_UNGUARDED_AVAILABILITY = YES_AGGRESSIVE;
				CLANG_WARN_UNREACHABLE_CODE = YES;
				CLANG_WARN__DUPLICATE_METHOD_MATCH = YES;
				COPY_PHASE_STRIP = NO;
				DEBUG_INFORMATION_FORMAT = dwarf;
				ENABLE_STRICT_OBJC_MSGSEND = YES;
				ENABLE_TESTABILITY = YES;
				GCC_C_LANGUAGE_STANDARD = gnu11;
				GCC_DYNAMIC_NO_PIC = NO;
				GCC_NO_COMMON_BLOCKS = YES;
				GCC_OPTIMIZATION_LEVEL = 0;
				GCC_PREPROCESSOR_DEFINITIONS = (
					"DEBUG=1",
					"$(inherited)",
				);
				GCC_WARN_64_TO_32_BIT_CONVERSION = YES;
				GCC_WARN_ABOUT_RETURN_TYPE = YES_ERROR;
				GCC_WARN_UNDECLARED_SELECTOR = YES;
				GCC_WARN_UNINITIALIZED_AUTOS = YES_AGGRESSIVE;
				GCC_WARN_UNUSED_FUNCTION = YES;
				GCC_WARN_UNUSED_VARIABLE = YES;
				IPHONEOS_DEPLOYMENT_TARGET = 14.5;
				MTL_ENABLE_DEBUG_INFO = INCLUDE_SOURCE;
				MTL_FAST_MATH = YES;
				ONLY_ACTIVE_ARCH = YES;
				SDKROOT = iphoneos;
				SWIFT_ACTIVE_COMPILATION_CONDITIONS = DEBUG;
				SWIFT_OPTIMIZATION_LEVEL = "-Onone";
			};
			name = Debug;
		};
		D45D54E826E921D6007E46B2 /* Release */ = {
			isa = XCBuildConfiguration;
			buildSettings = {
				ALWAYS_SEARCH_USER_PATHS = NO;
				CLANG_ANALYZER_NONNULL = YES;
				CLANG_ANALYZER_NUMBER_OBJECT_CONVERSION = YES_AGGRESSIVE;
				CLANG_CXX_LANGUAGE_STANDARD = "gnu++14";
				CLANG_CXX_LIBRARY = "libc++";
				CLANG_ENABLE_MODULES = YES;
				CLANG_ENABLE_OBJC_ARC = YES;
				CLANG_ENABLE_OBJC_WEAK = YES;
				CLANG_WARN_BLOCK_CAPTURE_AUTORELEASING = YES;
				CLANG_WARN_BOOL_CONVERSION = YES;
				CLANG_WARN_COMMA = YES;
				CLANG_WARN_CONSTANT_CONVERSION = YES;
				CLANG_WARN_DEPRECATED_OBJC_IMPLEMENTATIONS = YES;
				CLANG_WARN_DIRECT_OBJC_ISA_USAGE = YES_ERROR;
				CLANG_WARN_DOCUMENTATION_COMMENTS = YES;
				CLANG_WARN_EMPTY_BODY = YES;
				CLANG_WARN_ENUM_CONVERSION = YES;
				CLANG_WARN_INFINITE_RECURSION = YES;
				CLANG_WARN_INT_CONVERSION = YES;
				CLANG_WARN_NON_LITERAL_NULL_CONVERSION = YES;
				CLANG_WARN_OBJC_IMPLICIT_RETAIN_SELF = YES;
				CLANG_WARN_OBJC_LITERAL_CONVERSION = YES;
				CLANG_WARN_OBJC_ROOT_CLASS = YES_ERROR;
				CLANG_WARN_QUOTED_INCLUDE_IN_FRAMEWORK_HEADER = YES;
				CLANG_WARN_RANGE_LOOP_ANALYSIS = YES;
				CLANG_WARN_STRICT_PROTOTYPES = YES;
				CLANG_WARN_SUSPICIOUS_MOVE = YES;
				CLANG_WARN_UNGUARDED_AVAILABILITY = YES_AGGRESSIVE;
				CLANG_WARN_UNREACHABLE_CODE = YES;
				CLANG_WARN__DUPLICATE_METHOD_MATCH = YES;
				COPY_PHASE_STRIP = NO;
				DEBUG_INFORMATION_FORMAT = "dwarf-with-dsym";
				ENABLE_NS_ASSERTIONS = NO;
				ENABLE_STRICT_OBJC_MSGSEND = YES;
				GCC_C_LANGUAGE_STANDARD = gnu11;
				GCC_NO_COMMON_BLOCKS = YES;
				GCC_WARN_64_TO_32_BIT_CONVERSION = YES;
				GCC_WARN_ABOUT_RETURN_TYPE = YES_ERROR;
				GCC_WARN_UNDECLARED_SELECTOR = YES;
				GCC_WARN_UNINITIALIZED_AUTOS = YES_AGGRESSIVE;
				GCC_WARN_UNUSED_FUNCTION = YES;
				GCC_WARN_UNUSED_VARIABLE = YES;
				IPHONEOS_DEPLOYMENT_TARGET = 14.5;
				MTL_ENABLE_DEBUG_INFO = NO;
				MTL_FAST_MATH = YES;
				SDKROOT = iphoneos;
				SWIFT_COMPILATION_MODE = wholemodule;
				SWIFT_OPTIMIZATION_LEVEL = "-O";
				VALIDATE_PRODUCT = YES;
			};
			name = Release;
		};
		D45D54EA26E921D6007E46B2 /* Debug */ = {
			isa = XCBuildConfiguration;
			buildSettings = {
				ASSETCATALOG_COMPILER_APPICON_NAME = AppIcon;
				ASSETCATALOG_COMPILER_GLOBAL_ACCENT_COLOR_NAME = AccentColor;
				CODE_SIGN_STYLE = Automatic;
				INFOPLIST_FILE = flixster/Info.plist;
				LD_RUNPATH_SEARCH_PATHS = (
					"$(inherited)",
					"@executable_path/Frameworks",
				);
				PRODUCT_BUNDLE_IDENTIFIER = CopathUnit1.flixster;
				PRODUCT_NAME = "$(TARGET_NAME)";
				SWIFT_VERSION = 5.0;
				TARGETED_DEVICE_FAMILY = "1,2";
			};
			name = Debug;
		};
		D45D54EB26E921D6007E46B2 /* Release */ = {
			isa = XCBuildConfiguration;
			buildSettings = {
				ASSETCATALOG_COMPILER_APPICON_NAME = AppIcon;
				ASSETCATALOG_COMPILER_GLOBAL_ACCENT_COLOR_NAME = AccentColor;
				CODE_SIGN_STYLE = Automatic;
				INFOPLIST_FILE = flixster/Info.plist;
				LD_RUNPATH_SEARCH_PATHS = (
					"$(inherited)",
					"@executable_path/Frameworks",
				);
				PRODUCT_BUNDLE_IDENTIFIER = CopathUnit1.flixster;
				PRODUCT_NAME = "$(TARGET_NAME)";
				SWIFT_VERSION = 5.0;
				TARGETED_DEVICE_FAMILY = "1,2";
			};
			name = Release;
		};
		D45D54ED26E921D6007E46B2 /* Debug */ = {
			isa = XCBuildConfiguration;
			buildSettings = {
				ALWAYS_EMBED_SWIFT_STANDARD_LIBRARIES = YES;
				BUNDLE_LOADER = "$(TEST_HOST)";
				CODE_SIGN_STYLE = Automatic;
				INFOPLIST_FILE = flixsterTests/Info.plist;
				IPHONEOS_DEPLOYMENT_TARGET = 14.5;
				LD_RUNPATH_SEARCH_PATHS = (
					"$(inherited)",
					"@executable_path/Frameworks",
					"@loader_path/Frameworks",
				);
				PRODUCT_BUNDLE_IDENTIFIER = CopathUnit1.flixsterTests;
				PRODUCT_NAME = "$(TARGET_NAME)";
				SWIFT_VERSION = 5.0;
				TARGETED_DEVICE_FAMILY = "1,2";
				TEST_HOST = "$(BUILT_PRODUCTS_DIR)/flixster.app/flixster";
			};
			name = Debug;
		};
		D45D54EE26E921D6007E46B2 /* Release */ = {
			isa = XCBuildConfiguration;
			buildSettings = {
				ALWAYS_EMBED_SWIFT_STANDARD_LIBRARIES = YES;
				BUNDLE_LOADER = "$(TEST_HOST)";
				CODE_SIGN_STYLE = Automatic;
				INFOPLIST_FILE = flixsterTests/Info.plist;
				IPHONEOS_DEPLOYMENT_TARGET = 14.5;
				LD_RUNPATH_SEARCH_PATHS = (
					"$(inherited)",
					"@executable_path/Frameworks",
					"@loader_path/Frameworks",
				);
				PRODUCT_BUNDLE_IDENTIFIER = CopathUnit1.flixsterTests;
				PRODUCT_NAME = "$(TARGET_NAME)";
				SWIFT_VERSION = 5.0;
				TARGETED_DEVICE_FAMILY = "1,2";
				TEST_HOST = "$(BUILT_PRODUCTS_DIR)/flixster.app/flixster";
			};
			name = Release;
		};
		D45D54F026E921D6007E46B2 /* Debug */ = {
			isa = XCBuildConfiguration;
			buildSettings = {
				ALWAYS_EMBED_SWIFT_STANDARD_LIBRARIES = YES;
				CODE_SIGN_STYLE = Automatic;
				INFOPLIST_FILE = flixsterUITests/Info.plist;
				LD_RUNPATH_SEARCH_PATHS = (
					"$(inherited)",
					"@executable_path/Frameworks",
					"@loader_path/Frameworks",
				);
				PRODUCT_BUNDLE_IDENTIFIER = CopathUnit1.flixsterUITests;
				PRODUCT_NAME = "$(TARGET_NAME)";
				SWIFT_VERSION = 5.0;
				TARGETED_DEVICE_FAMILY = "1,2";
				TEST_TARGET_NAME = flixster;
			};
			name = Debug;
		};
		D45D54F126E921D6007E46B2 /* Release */ = {
			isa = XCBuildConfiguration;
			buildSettings = {
				ALWAYS_EMBED_SWIFT_STANDARD_LIBRARIES = YES;
				CODE_SIGN_STYLE = Automatic;
				INFOPLIST_FILE = flixsterUITests/Info.plist;
				LD_RUNPATH_SEARCH_PATHS = (
					"$(inherited)",
					"@executable_path/Frameworks",
					"@loader_path/Frameworks",
				);
				PRODUCT_BUNDLE_IDENTIFIER = CopathUnit1.flixsterUITests;
				PRODUCT_NAME = "$(TARGET_NAME)";
				SWIFT_VERSION = 5.0;
				TARGETED_DEVICE_FAMILY = "1,2";
				TEST_TARGET_NAME = flixster;
			};
			name = Release;
		};
/* End XCBuildConfiguration section */

/* Begin XCConfigurationList section */
		D45D54BA26E921B3007E46B2 /* Build configuration list for PBXProject "flixster" */ = {
			isa = XCConfigurationList;
			buildConfigurations = (
				D45D54E726E921D6007E46B2 /* Debug */,
				D45D54E826E921D6007E46B2 /* Release */,
			);
			defaultConfigurationIsVisible = 0;
			defaultConfigurationName = Release;
		};
		D45D54E926E921D6007E46B2 /* Build configuration list for PBXNativeTarget "flixster" */ = {
			isa = XCConfigurationList;
			buildConfigurations = (
				D45D54EA26E921D6007E46B2 /* Debug */,
				D45D54EB26E921D6007E46B2 /* Release */,
			);
			defaultConfigurationIsVisible = 0;
			defaultConfigurationName = Release;
		};
		D45D54EC26E921D6007E46B2 /* Build configuration list for PBXNativeTarget "flixsterTests" */ = {
			isa = XCConfigurationList;
			buildConfigurations = (
				D45D54ED26E921D6007E46B2 /* Debug */,
				D45D54EE26E921D6007E46B2 /* Release */,
			);
			defaultConfigurationIsVisible = 0;
			defaultConfigurationName = Release;
		};
		D45D54EF26E921D6007E46B2 /* Build configuration list for PBXNativeTarget "flixsterUITests" */ = {
			isa = XCConfigurationList;
			buildConfigurations = (
				D45D54F026E921D6007E46B2 /* Debug */,
				D45D54F126E921D6007E46B2 /* Release */,
			);
			defaultConfigurationIsVisible = 0;
			defaultConfigurationName = Release;
		};
/* End XCConfigurationList section */
	};
	rootObject = D45D54B726E921B3007E46B2 /* Project object */;
}
